
Microsoft Visual Studio Solution File, Format Version 12.00
# Visual Studio 15
VisualStudioVersion = 15.0.28307.1000
MinimumVisualStudioVersion = 10.0.40219.1
Project("{FAE04EC0-301F-11D3-BF4B-00C04F79EFBC}") = "WizardsInterview", "WizardsInterview\WizardsInterview.csproj", "{4832F490-0C7A-4940-B7EC-AFB4C5FAE231}"
EndProject
Project("{FAE04EC0-301F-11D3-BF4B-00C04F79EFBC}") = "UnitTests", "UnitTests\UnitTests.csproj", "{7839AC90-59A6-4C2E-95A7-EF5E82B2E8D9}"
EndProject
Global
	GlobalSection(SolutionConfigurationPlatforms) = preSolution
		Debug|Any CPU = Debug|Any CPU
		Release|Any CPU = Release|Any CPU
	EndGlobalSection
	GlobalSection(ProjectConfigurationPlatforms) = postSolution
		{4832F490-0C7A-4940-B7EC-AFB4C5FAE231}.Debug|Any CPU.ActiveCfg = Debug|Any CPU
		{4832F490-0C7A-4940-B7EC-AFB4C5FAE231}.Debug|Any CPU.Build.0 = Debug|Any CPU
		{4832F490-0C7A-4940-B7EC-AFB4C5FAE231}.Release|Any CPU.ActiveCfg = Release|Any CPU
		{4832F490-0C7A-4940-B7EC-AFB4C5FAE231}.Release|Any CPU.Build.0 = Release|Any CPU
		{7839AC90-59A6-4C2E-95A7-EF5E82B2E8D9}.Debug|Any CPU.ActiveCfg = Debug|Any CPU
		{7839AC90-59A6-4C2E-95A7-EF5E82B2E8D9}.Debug|Any CPU.Build.0 = Debug|Any CPU
		{7839AC90-59A6-4C2E-95A7-EF5E82B2E8D9}.Release|Any CPU.ActiveCfg = Release|Any CPU
		{7839AC90-59A6-4C2E-95A7-EF5E82B2E8D9}.Release|Any CPU.Build.0 = Release|Any CPU
	EndGlobalSection
	GlobalSection(SolutionProperties) = preSolution
		HideSolutionNode = FALSE
	EndGlobalSection
	GlobalSection(ExtensibilityGlobals) = postSolution
		SolutionGuid = {578AF5AB-FF7D-473B-A751-4469289B8943}
	EndGlobalSection
EndGlobal
